
Microsoft Visual Studio Solution File, Format Version 12.00
# Visual Studio Version 16
VisualStudioVersion = 16.0.31005.135
MinimumVisualStudioVersion = 10.0.40219.1
Project("{FAE04EC0-301F-11D3-BF4B-00C04F79EFBC}") = "Rebbit.Core", "Rebbit.Core\Rebbit.Core.csproj", "{DE6FE6F4-F603-4B5C-8FAD-E5E22C1983A4}"
EndProject
Project("{FAE04EC0-301F-11D3-BF4B-00C04F79EFBC}") = "Rebbit.Infrastructure", "Rebbit.Infrastructure\Rebbit.Infrastructure.csproj", "{9BA24B79-DBA6-446D-8059-05A8602119F3}"
EndProject
Project("{9A19103F-16F7-4668-BE54-9A1E7A4F7556}") = "Rebbit.Web", "Rebbit.Web\Rebbit.Web.csproj", "{DDB9A1BC-0564-41F0-B027-C8303952DCF6}"
EndProject
Global
	GlobalSection(SolutionConfigurationPlatforms) = preSolution
		Debug|Any CPU = Debug|Any CPU
		Release|Any CPU = Release|Any CPU
	EndGlobalSection
	GlobalSection(ProjectConfigurationPlatforms) = postSolution
		{DE6FE6F4-F603-4B5C-8FAD-E5E22C1983A4}.Debug|Any CPU.ActiveCfg = Debug|Any CPU
		{DE6FE6F4-F603-4B5C-8FAD-E5E22C1983A4}.Debug|Any CPU.Build.0 = Debug|Any CPU
		{DE6FE6F4-F603-4B5C-8FAD-E5E22C1983A4}.Release|Any CPU.ActiveCfg = Release|Any CPU
		{DE6FE6F4-F603-4B5C-8FAD-E5E22C1983A4}.Release|Any CPU.Build.0 = Release|Any CPU
		{9BA24B79-DBA6-446D-8059-05A8602119F3}.Debug|Any CPU.ActiveCfg = Debug|Any CPU
		{9BA24B79-DBA6-446D-8059-05A8602119F3}.Debug|Any CPU.Build.0 = Debug|Any CPU
		{9BA24B79-DBA6-446D-8059-05A8602119F3}.Release|Any CPU.ActiveCfg = Release|Any CPU
		{9BA24B79-DBA6-446D-8059-05A8602119F3}.Release|Any CPU.Build.0 = Release|Any CPU
		{DDB9A1BC-0564-41F0-B027-C8303952DCF6}.Debug|Any CPU.ActiveCfg = Debug|Any CPU
		{DDB9A1BC-0564-41F0-B027-C8303952DCF6}.Debug|Any CPU.Build.0 = Debug|Any CPU
		{DDB9A1BC-0564-41F0-B027-C8303952DCF6}.Release|Any CPU.ActiveCfg = Release|Any CPU
		{DDB9A1BC-0564-41F0-B027-C8303952DCF6}.Release|Any CPU.Build.0 = Release|Any CPU
	EndGlobalSection
	GlobalSection(SolutionProperties) = preSolution
		HideSolutionNode = FALSE
	EndGlobalSection
	GlobalSection(ExtensibilityGlobals) = postSolution
		SolutionGuid = {98B61FFD-4CE1-4C54-B849-9F422096B528}
	EndGlobalSection
EndGlobal
